
Microsoft Visual Studio Solution File, Format Version 12.00
# Visual Studio Version 16
VisualStudioVersion = 16.0.29728.190
MinimumVisualStudioVersion = 10.0.40219.1
Project("{9A19103F-16F7-4668-BE54-9A1E7A4F7556}") = "CoworkingApi", "CoworkingApi\CoworkingApi.csproj", "{7F1280E2-DF4B-4FF4-BCCB-8581179CE0CB}"
EndProject
Project("{2150E333-8FDC-42A3-9474-1A3956D46DE8}") = "1 - Layers", "1 - Layers", "{88A1AEC7-D100-4903-8AF1-3C3804EA05F1}"
EndProject
Project("{2150E333-8FDC-42A3-9474-1A3956D46DE8}") = "1.1 Distributed services", "1.1 Distributed services", "{D3086CF5-52A4-4020-AFDD-12D371E89D6F}"
EndProject
Project("{2150E333-8FDC-42A3-9474-1A3956D46DE8}") = "1.2 Application", "1.2 Application", "{6FD24441-86AB-434A-97F7-62BCF3B91CD1}"
EndProject
Project("{2150E333-8FDC-42A3-9474-1A3956D46DE8}") = "1.3 Business", "1.3 Business", "{251AB87A-5094-44FB-8D89-878A2D6C5970}"
EndProject
Project("{2150E333-8FDC-42A3-9474-1A3956D46DE8}") = "1.4 DataAccess", "1.4 DataAccess", "{A4967EC6-2A38-4E33-AF46-BFE03D282863}"
EndProject
Project("{FAE04EC0-301F-11D3-BF4B-00C04F79EFBC}") = "Coworking.Api.DataAccess", "Coworking.Api.DataAccess\Coworking.Api.DataAccess.csproj", "{689D81E6-C8FA-4FB7-8613-F54F55119BF7}"
EndProject
Project("{FAE04EC0-301F-11D3-BF4B-00C04F79EFBC}") = "Coworking.Appi.Application", "Coworking.Appi.Application\Coworking.Appi.Application.csproj", "{AE60C471-E003-4C4E-ACD6-DBD1B8743DBF}"
EndProject
Project("{FAE04EC0-301F-11D3-BF4B-00C04F79EFBC}") = "Coworking.Appi.Application.Contracts", "Coworking.Appi.Application.Contracts\Coworking.Appi.Application.Contracts.csproj", "{20774989-F06C-490B-9D3A-3FDCE140E354}"
EndProject
Project("{FAE04EC0-301F-11D3-BF4B-00C04F79EFBC}") = "Coworking.Appi.Business", "Coworking.Appi.Business\Coworking.Appi.Business.csproj", "{92184B49-7043-414D-AB68-9C4671CBCF5C}"
EndProject
Project("{FAE04EC0-301F-11D3-BF4B-00C04F79EFBC}") = "Coworking.Appi.DataAccess.Contracts", "Coworking.Appi.DataAccess.Contracts\Coworking.Appi.DataAccess.Contracts.csproj", "{B6F8F8B5-29BF-43A1-B832-1E6455BFF06C}"
EndProject
Project("{2150E333-8FDC-42A3-9474-1A3956D46DE8}") = "1.5 Cross-Cutting", "1.5 Cross-Cutting", "{25801B52-BEB2-41F9-9904-C782734EA227}"
EndProject
Project("{FAE04EC0-301F-11D3-BF4B-00C04F79EFBC}") = "Coworking.Appi.CrossCutting", "Coworking.Appi.CrossCutting\Coworking.Appi.CrossCutting.csproj", "{5AB84D62-9B3A-41FB-9FA0-A005277D561A}"
EndProject
Global
	GlobalSection(SolutionConfigurationPlatforms) = preSolution
		Debug|Any CPU = Debug|Any CPU
		Release|Any CPU = Release|Any CPU
	EndGlobalSection
	GlobalSection(ProjectConfigurationPlatforms) = postSolution
		{7F1280E2-DF4B-4FF4-BCCB-8581179CE0CB}.Debug|Any CPU.ActiveCfg = Debug|Any CPU
		{7F1280E2-DF4B-4FF4-BCCB-8581179CE0CB}.Debug|Any CPU.Build.0 = Debug|Any CPU
		{7F1280E2-DF4B-4FF4-BCCB-8581179CE0CB}.Release|Any CPU.ActiveCfg = Release|Any CPU
		{7F1280E2-DF4B-4FF4-BCCB-8581179CE0CB}.Release|Any CPU.Build.0 = Release|Any CPU
		{689D81E6-C8FA-4FB7-8613-F54F55119BF7}.Debug|Any CPU.ActiveCfg = Debug|Any CPU
		{689D81E6-C8FA-4FB7-8613-F54F55119BF7}.Debug|Any CPU.Build.0 = Debug|Any CPU
		{689D81E6-C8FA-4FB7-8613-F54F55119BF7}.Release|Any CPU.ActiveCfg = Release|Any CPU
		{689D81E6-C8FA-4FB7-8613-F54F55119BF7}.Release|Any CPU.Build.0 = Release|Any CPU
		{AE60C471-E003-4C4E-ACD6-DBD1B8743DBF}.Debug|Any CPU.ActiveCfg = Debug|Any CPU
		{AE60C471-E003-4C4E-ACD6-DBD1B8743DBF}.Debug|Any CPU.Build.0 = Debug|Any CPU
		{AE60C471-E003-4C4E-ACD6-DBD1B8743DBF}.Release|Any CPU.ActiveCfg = Release|Any CPU
		{AE60C471-E003-4C4E-ACD6-DBD1B8743DBF}.Release|Any CPU.Build.0 = Release|Any CPU
		{20774989-F06C-490B-9D3A-3FDCE140E354}.Debug|Any CPU.ActiveCfg = Debug|Any CPU
		{20774989-F06C-490B-9D3A-3FDCE140E354}.Debug|Any CPU.Build.0 = Debug|Any CPU
		{20774989-F06C-490B-9D3A-3FDCE140E354}.Release|Any CPU.ActiveCfg = Release|Any CPU
		{20774989-F06C-490B-9D3A-3FDCE140E354}.Release|Any CPU.Build.0 = Release|Any CPU
		{92184B49-7043-414D-AB68-9C4671CBCF5C}.Debug|Any CPU.ActiveCfg = Debug|Any CPU
		{92184B49-7043-414D-AB68-9C4671CBCF5C}.Debug|Any CPU.Build.0 = Debug|Any CPU
		{92184B49-7043-414D-AB68-9C4671CBCF5C}.Release|Any CPU.ActiveCfg = Release|Any CPU
		{92184B49-7043-414D-AB68-9C4671CBCF5C}.Release|Any CPU.Build.0 = Release|Any CPU
		{B6F8F8B5-29BF-43A1-B832-1E6455BFF06C}.Debug|Any CPU.ActiveCfg = Debug|Any CPU
		{B6F8F8B5-29BF-43A1-B832-1E6455BFF06C}.Debug|Any CPU.Build.0 = Debug|Any CPU
		{B6F8F8B5-29BF-43A1-B832-1E6455BFF06C}.Release|Any CPU.ActiveCfg = Release|Any CPU
		{B6F8F8B5-29BF-43A1-B832-1E6455BFF06C}.Release|Any CPU.Build.0 = Release|Any CPU
		{5AB84D62-9B3A-41FB-9FA0-A005277D561A}.Debug|Any CPU.ActiveCfg = Debug|Any CPU
		{5AB84D62-9B3A-41FB-9FA0-A005277D561A}.Debug|Any CPU.Build.0 = Debug|Any CPU
		{5AB84D62-9B3A-41FB-9FA0-A005277D561A}.Release|Any CPU.ActiveCfg = Release|Any CPU
		{5AB84D62-9B3A-41FB-9FA0-A005277D561A}.Release|Any CPU.Build.0 = Release|Any CPU
	EndGlobalSection
	GlobalSection(SolutionProperties) = preSolution
		HideSolutionNode = FALSE
	EndGlobalSection
	GlobalSection(NestedProjects) = preSolution
		{7F1280E2-DF4B-4FF4-BCCB-8581179CE0CB} = {D3086CF5-52A4-4020-AFDD-12D371E89D6F}
		{D3086CF5-52A4-4020-AFDD-12D371E89D6F} = {88A1AEC7-D100-4903-8AF1-3C3804EA05F1}
		{6FD24441-86AB-434A-97F7-62BCF3B91CD1} = {88A1AEC7-D100-4903-8AF1-3C3804EA05F1}
		{251AB87A-5094-44FB-8D89-878A2D6C5970} = {88A1AEC7-D100-4903-8AF1-3C3804EA05F1}
		{A4967EC6-2A38-4E33-AF46-BFE03D282863} = {88A1AEC7-D100-4903-8AF1-3C3804EA05F1}
		{689D81E6-C8FA-4FB7-8613-F54F55119BF7} = {A4967EC6-2A38-4E33-AF46-BFE03D282863}
		{AE60C471-E003-4C4E-ACD6-DBD1B8743DBF} = {6FD24441-86AB-434A-97F7-62BCF3B91CD1}
		{20774989-F06C-490B-9D3A-3FDCE140E354} = {6FD24441-86AB-434A-97F7-62BCF3B91CD1}
		{92184B49-7043-414D-AB68-9C4671CBCF5C} = {251AB87A-5094-44FB-8D89-878A2D6C5970}
		{B6F8F8B5-29BF-43A1-B832-1E6455BFF06C} = {A4967EC6-2A38-4E33-AF46-BFE03D282863}
		{25801B52-BEB2-41F9-9904-C782734EA227} = {88A1AEC7-D100-4903-8AF1-3C3804EA05F1}
		{5AB84D62-9B3A-41FB-9FA0-A005277D561A} = {25801B52-BEB2-41F9-9904-C782734EA227}
	EndGlobalSection
	GlobalSection(ExtensibilityGlobals) = postSolution
		SolutionGuid = {1377B8AB-A7A4-463F-B425-3056D3B75D38}
	EndGlobalSection
EndGlobal
